
Microsoft Visual Studio Solution File, Format Version 12.00
# Visual Studio 15
VisualStudioVersion = 15.0.26430.12
MinimumVisualStudioVersion = 10.0.40219.1
Project("{FAE04EC0-301F-11D3-BF4B-00C04F79EFBC}") = "StartIdentity", "StartIdentity\StartIdentity.csproj", "{380843BE-51CA-4C82-856A-924E16124F15}"
EndProject
Project("{FAE04EC0-301F-11D3-BF4B-00C04F79EFBC}") = "API", "API\API.csproj", "{9689E9F5-BECD-412D-B7E2-497379DB8721}"
EndProject
Project("{FAE04EC0-301F-11D3-BF4B-00C04F79EFBC}") = "ConsoleClient", "ConsoleClient\ConsoleClient.csproj", "{D4B9B643-A826-4994-AF1F-31A7517FC19F}"
EndProject
Project("{FAE04EC0-301F-11D3-BF4B-00C04F79EFBC}") = "ResourseOwnerClient", "ResourseOwner\ResourseOwnerClient.csproj", "{A1BF1199-1E59-4DD1-9BDB-7B09EE4C7C96}"
EndProject
Project("{2150E333-8FDC-42A3-9474-1A3956D46DE8}") = "Clients", "Clients", "{3099744C-7A27-4171-A419-26F96A5578A4}"
EndProject
Project("{FAE04EC0-301F-11D3-BF4B-00C04F79EFBC}") = "MvcClient", "MvcClient\MvcClient.csproj", "{3C4FE0CE-571D-4F03-AF96-D00C766D25BF}"
EndProject
Global
	GlobalSection(SolutionConfigurationPlatforms) = preSolution
		Debug|Any CPU = Debug|Any CPU
		Release|Any CPU = Release|Any CPU
	EndGlobalSection
	GlobalSection(ProjectConfigurationPlatforms) = postSolution
		{380843BE-51CA-4C82-856A-924E16124F15}.Debug|Any CPU.ActiveCfg = Debug|Any CPU
		{380843BE-51CA-4C82-856A-924E16124F15}.Debug|Any CPU.Build.0 = Debug|Any CPU
		{380843BE-51CA-4C82-856A-924E16124F15}.Release|Any CPU.ActiveCfg = Release|Any CPU
		{380843BE-51CA-4C82-856A-924E16124F15}.Release|Any CPU.Build.0 = Release|Any CPU
		{9689E9F5-BECD-412D-B7E2-497379DB8721}.Debug|Any CPU.ActiveCfg = Debug|Any CPU
		{9689E9F5-BECD-412D-B7E2-497379DB8721}.Debug|Any CPU.Build.0 = Debug|Any CPU
		{9689E9F5-BECD-412D-B7E2-497379DB8721}.Release|Any CPU.ActiveCfg = Release|Any CPU
		{9689E9F5-BECD-412D-B7E2-497379DB8721}.Release|Any CPU.Build.0 = Release|Any CPU
		{D4B9B643-A826-4994-AF1F-31A7517FC19F}.Debug|Any CPU.ActiveCfg = Debug|Any CPU
		{D4B9B643-A826-4994-AF1F-31A7517FC19F}.Debug|Any CPU.Build.0 = Debug|Any CPU
		{D4B9B643-A826-4994-AF1F-31A7517FC19F}.Release|Any CPU.ActiveCfg = Release|Any CPU
		{D4B9B643-A826-4994-AF1F-31A7517FC19F}.Release|Any CPU.Build.0 = Release|Any CPU
		{A1BF1199-1E59-4DD1-9BDB-7B09EE4C7C96}.Debug|Any CPU.ActiveCfg = Debug|Any CPU
		{A1BF1199-1E59-4DD1-9BDB-7B09EE4C7C96}.Debug|Any CPU.Build.0 = Debug|Any CPU
		{A1BF1199-1E59-4DD1-9BDB-7B09EE4C7C96}.Release|Any CPU.ActiveCfg = Release|Any CPU
		{A1BF1199-1E59-4DD1-9BDB-7B09EE4C7C96}.Release|Any CPU.Build.0 = Release|Any CPU
		{3C4FE0CE-571D-4F03-AF96-D00C766D25BF}.Debug|Any CPU.ActiveCfg = Debug|Any CPU
		{3C4FE0CE-571D-4F03-AF96-D00C766D25BF}.Debug|Any CPU.Build.0 = Debug|Any CPU
		{3C4FE0CE-571D-4F03-AF96-D00C766D25BF}.Release|Any CPU.ActiveCfg = Release|Any CPU
		{3C4FE0CE-571D-4F03-AF96-D00C766D25BF}.Release|Any CPU.Build.0 = Release|Any CPU
	EndGlobalSection
	GlobalSection(SolutionProperties) = preSolution
		HideSolutionNode = FALSE
	EndGlobalSection
	GlobalSection(NestedProjects) = preSolution
		{D4B9B643-A826-4994-AF1F-31A7517FC19F} = {3099744C-7A27-4171-A419-26F96A5578A4}
		{A1BF1199-1E59-4DD1-9BDB-7B09EE4C7C96} = {3099744C-7A27-4171-A419-26F96A5578A4}
		{3C4FE0CE-571D-4F03-AF96-D00C766D25BF} = {3099744C-7A27-4171-A419-26F96A5578A4}
	EndGlobalSection
EndGlobal
